
Microsoft Visual Studio Solution File, Format Version 12.00
# Visual Studio Version 17
VisualStudioVersion = 17.0.31903.59
MinimumVisualStudioVersion = 10.0.40219.1
Project("{2150E333-8FDC-42A3-9474-1A3956D46DE8}") = "packages", "packages", "{809F86A1-1C4C-B159-0CD4-DF9D33D876CE}"
EndProject
Project("{2150E333-8FDC-42A3-9474-1A3956D46DE8}") = "contracts", "contracts", "{3024F0A4-8109-3CD3-0347-46F4E6C63FD7}"
EndProject
Project("{FAE04EC0-301F-11D3-BF4B-00C04F79EFBC}") = "CertiWatch.Contracts", "packages\contracts\CertiWatch.Contracts.csproj", "{4402D5F3-5C8A-43D6-ADE1-788B7019BF85}"
EndProject
Project("{2150E333-8FDC-42A3-9474-1A3956D46DE8}") = "parsing", "parsing", "{D88AA1AD-C151-F13C-EBC5-66002AD230D4}"
EndProject
Project("{FAE04EC0-301F-11D3-BF4B-00C04F79EFBC}") = "CertiWatch.Parsing", "packages\parsing\CertiWatch.Parsing.csproj", "{948A8D8D-D2B9-4782-AA4E-CD6306FBFA48}"
EndProject
Project("{2150E333-8FDC-42A3-9474-1A3956D46DE8}") = "apps", "apps", "{1787FE1D-075E-9E68-7218-25F1BD1BBEAB}"
EndProject
Project("{2150E333-8FDC-42A3-9474-1A3956D46DE8}") = "api", "api", "{BC2D172B-13BC-136C-CDB1-4B1A687208C4}"
EndProject
Project("{FAE04EC0-301F-11D3-BF4B-00C04F79EFBC}") = "CertiWatch.Api", "apps\api\CertiWatch.Api.csproj", "{89F45B65-51CA-472F-83F8-EB2BC5B555BB}"
EndProject
Project("{2150E333-8FDC-42A3-9474-1A3956D46DE8}") = "worker", "worker", "{82AC7ADD-723F-E433-2729-6F05EB21E721}"
EndProject
Project("{FAE04EC0-301F-11D3-BF4B-00C04F79EFBC}") = "CertiWatch.Worker", "apps\worker\CertiWatch.Worker.csproj", "{931C22F6-E04D-43F5-9770-AE6B10927DCB}"
EndProject
Project("{2150E333-8FDC-42A3-9474-1A3956D46DE8}") = "agent", "agent", "{63F81D7F-3FBF-B746-3CCC-18C5EC63BE1D}"
EndProject
Project("{FAE04EC0-301F-11D3-BF4B-00C04F79EFBC}") = "CertiWatch.Agent", "apps\agent\CertiWatch.Agent.csproj", "{9FFF3FF2-ABCE-450C-85A7-BC379D852AFD}"
EndProject
Project("{2150E333-8FDC-42A3-9474-1A3956D46DE8}") = "tests", "tests", "{0AB3BF05-4346-4AA6-1389-037BE0695223}"
EndProject
Project("{2150E333-8FDC-42A3-9474-1A3956D46DE8}") = "ApiTests", "ApiTests", "{E890C3CC-B268-8074-7C3A-41EBAD068FA4}"
EndProject
Project("{FAE04EC0-301F-11D3-BF4B-00C04F79EFBC}") = "CertiWatch.Api.Tests", "tests\ApiTests\CertiWatch.Api.Tests.csproj", "{21E4847A-024E-44FB-A63E-32206C50B644}"
EndProject
Global
	GlobalSection(SolutionConfigurationPlatforms) = preSolution
		Debug|Any CPU = Debug|Any CPU
		Debug|x64 = Debug|x64
		Debug|x86 = Debug|x86
		Release|Any CPU = Release|Any CPU
		Release|x64 = Release|x64
		Release|x86 = Release|x86
	EndGlobalSection
	GlobalSection(ProjectConfigurationPlatforms) = postSolution
		{4402D5F3-5C8A-43D6-ADE1-788B7019BF85}.Debug|Any CPU.ActiveCfg = Debug|Any CPU
		{4402D5F3-5C8A-43D6-ADE1-788B7019BF85}.Debug|Any CPU.Build.0 = Debug|Any CPU
		{4402D5F3-5C8A-43D6-ADE1-788B7019BF85}.Debug|x64.ActiveCfg = Debug|Any CPU
		{4402D5F3-5C8A-43D6-ADE1-788B7019BF85}.Debug|x64.Build.0 = Debug|Any CPU
		{4402D5F3-5C8A-43D6-ADE1-788B7019BF85}.Debug|x86.ActiveCfg = Debug|Any CPU
		{4402D5F3-5C8A-43D6-ADE1-788B7019BF85}.Debug|x86.Build.0 = Debug|Any CPU
		{4402D5F3-5C8A-43D6-ADE1-788B7019BF85}.Release|Any CPU.ActiveCfg = Release|Any CPU
		{4402D5F3-5C8A-43D6-ADE1-788B7019BF85}.Release|Any CPU.Build.0 = Release|Any CPU
		{4402D5F3-5C8A-43D6-ADE1-788B7019BF85}.Release|x64.ActiveCfg = Release|Any CPU
		{4402D5F3-5C8A-43D6-ADE1-788B7019BF85}.Release|x64.Build.0 = Release|Any CPU
		{4402D5F3-5C8A-43D6-ADE1-788B7019BF85}.Release|x86.ActiveCfg = Release|Any CPU
		{4402D5F3-5C8A-43D6-ADE1-788B7019BF85}.Release|x86.Build.0 = Release|Any CPU
		{948A8D8D-D2B9-4782-AA4E-CD6306FBFA48}.Debug|Any CPU.ActiveCfg = Debug|Any CPU
		{948A8D8D-D2B9-4782-AA4E-CD6306FBFA48}.Debug|Any CPU.Build.0 = Debug|Any CPU
		{948A8D8D-D2B9-4782-AA4E-CD6306FBFA48}.Debug|x64.ActiveCfg = Debug|Any CPU
		{948A8D8D-D2B9-4782-AA4E-CD6306FBFA48}.Debug|x64.Build.0 = Debug|Any CPU
		{948A8D8D-D2B9-4782-AA4E-CD6306FBFA48}.Debug|x86.ActiveCfg = Debug|Any CPU
		{948A8D8D-D2B9-4782-AA4E-CD6306FBFA48}.Debug|x86.Build.0 = Debug|Any CPU
		{948A8D8D-D2B9-4782-AA4E-CD6306FBFA48}.Release|Any CPU.ActiveCfg = Release|Any CPU
		{948A8D8D-D2B9-4782-AA4E-CD6306FBFA48}.Release|Any CPU.Build.0 = Release|Any CPU
		{948A8D8D-D2B9-4782-AA4E-CD6306FBFA48}.Release|x64.ActiveCfg = Release|Any CPU
		{948A8D8D-D2B9-4782-AA4E-CD6306FBFA48}.Release|x64.Build.0 = Release|Any CPU
		{948A8D8D-D2B9-4782-AA4E-CD6306FBFA48}.Release|x86.ActiveCfg = Release|Any CPU
		{948A8D8D-D2B9-4782-AA4E-CD6306FBFA48}.Release|x86.Build.0 = Release|Any CPU
		{89F45B65-51CA-472F-83F8-EB2BC5B555BB}.Debug|Any CPU.ActiveCfg = Debug|Any CPU
		{89F45B65-51CA-472F-83F8-EB2BC5B555BB}.Debug|Any CPU.Build.0 = Debug|Any CPU
		{89F45B65-51CA-472F-83F8-EB2BC5B555BB}.Debug|x64.ActiveCfg = Debug|Any CPU
		{89F45B65-51CA-472F-83F8-EB2BC5B555BB}.Debug|x64.Build.0 = Debug|Any CPU
		{89F45B65-51CA-472F-83F8-EB2BC5B555BB}.Debug|x86.ActiveCfg = Debug|Any CPU
		{89F45B65-51CA-472F-83F8-EB2BC5B555BB}.Debug|x86.Build.0 = Debug|Any CPU
		{89F45B65-51CA-472F-83F8-EB2BC5B555BB}.Release|Any CPU.ActiveCfg = Release|Any CPU
		{89F45B65-51CA-472F-83F8-EB2BC5B555BB}.Release|Any CPU.Build.0 = Release|Any CPU
		{89F45B65-51CA-472F-83F8-EB2BC5B555BB}.Release|x64.ActiveCfg = Release|Any CPU
		{89F45B65-51CA-472F-83F8-EB2BC5B555BB}.Release|x64.Build.0 = Release|Any CPU
		{89F45B65-51CA-472F-83F8-EB2BC5B555BB}.Release|x86.ActiveCfg = Release|Any CPU
		{89F45B65-51CA-472F-83F8-EB2BC5B555BB}.Release|x86.Build.0 = Release|Any CPU
		{931C22F6-E04D-43F5-9770-AE6B10927DCB}.Debug|Any CPU.ActiveCfg = Debug|Any CPU
		{931C22F6-E04D-43F5-9770-AE6B10927DCB}.Debug|Any CPU.Build.0 = Debug|Any CPU
		{931C22F6-E04D-43F5-9770-AE6B10927DCB}.Debug|x64.ActiveCfg = Debug|Any CPU
		{931C22F6-E04D-43F5-9770-AE6B10927DCB}.Debug|x64.Build.0 = Debug|Any CPU
		{931C22F6-E04D-43F5-9770-AE6B10927DCB}.Debug|x86.ActiveCfg = Debug|Any CPU
		{931C22F6-E04D-43F5-9770-AE6B10927DCB}.Debug|x86.Build.0 = Debug|Any CPU
		{931C22F6-E04D-43F5-9770-AE6B10927DCB}.Release|Any CPU.ActiveCfg = Release|Any CPU
		{931C22F6-E04D-43F5-9770-AE6B10927DCB}.Release|Any CPU.Build.0 = Release|Any CPU
		{931C22F6-E04D-43F5-9770-AE6B10927DCB}.Release|x64.ActiveCfg = Release|Any CPU
		{931C22F6-E04D-43F5-9770-AE6B10927DCB}.Release|x64.Build.0 = Release|Any CPU
		{931C22F6-E04D-43F5-9770-AE6B10927DCB}.Release|x86.ActiveCfg = Release|Any CPU
		{931C22F6-E04D-43F5-9770-AE6B10927DCB}.Release|x86.Build.0 = Release|Any CPU
		{9FFF3FF2-ABCE-450C-85A7-BC379D852AFD}.Debug|Any CPU.ActiveCfg = Debug|Any CPU
		{9FFF3FF2-ABCE-450C-85A7-BC379D852AFD}.Debug|Any CPU.Build.0 = Debug|Any CPU
		{9FFF3FF2-ABCE-450C-85A7-BC379D852AFD}.Debug|x64.ActiveCfg = Debug|Any CPU
		{9FFF3FF2-ABCE-450C-85A7-BC379D852AFD}.Debug|x64.Build.0 = Debug|Any CPU
		{9FFF3FF2-ABCE-450C-85A7-BC379D852AFD}.Debug|x86.ActiveCfg = Debug|Any CPU
		{9FFF3FF2-ABCE-450C-85A7-BC379D852AFD}.Debug|x86.Build.0 = Debug|Any CPU
		{9FFF3FF2-ABCE-450C-85A7-BC379D852AFD}.Release|Any CPU.ActiveCfg = Release|Any CPU
		{9FFF3FF2-ABCE-450C-85A7-BC379D852AFD}.Release|Any CPU.Build.0 = Release|Any CPU
		{9FFF3FF2-ABCE-450C-85A7-BC379D852AFD}.Release|x64.ActiveCfg = Release|Any CPU
		{9FFF3FF2-ABCE-450C-85A7-BC379D852AFD}.Release|x64.Build.0 = Release|Any CPU
		{9FFF3FF2-ABCE-450C-85A7-BC379D852AFD}.Release|x86.ActiveCfg = Release|Any CPU
		{9FFF3FF2-ABCE-450C-85A7-BC379D852AFD}.Release|x86.Build.0 = Release|Any CPU
		{21E4847A-024E-44FB-A63E-32206C50B644}.Debug|Any CPU.ActiveCfg = Debug|Any CPU
		{21E4847A-024E-44FB-A63E-32206C50B644}.Debug|Any CPU.Build.0 = Debug|Any CPU
		{21E4847A-024E-44FB-A63E-32206C50B644}.Debug|x64.ActiveCfg = Debug|Any CPU
		{21E4847A-024E-44FB-A63E-32206C50B644}.Debug|x64.Build.0 = Debug|Any CPU
		{21E4847A-024E-44FB-A63E-32206C50B644}.Debug|x86.ActiveCfg = Debug|Any CPU
		{21E4847A-024E-44FB-A63E-32206C50B644}.Debug|x86.Build.0 = Debug|Any CPU
		{21E4847A-024E-44FB-A63E-32206C50B644}.Release|Any CPU.ActiveCfg = Release|Any CPU
		{21E4847A-024E-44FB-A63E-32206C50B644}.Release|Any CPU.Build.0 = Release|Any CPU
		{21E4847A-024E-44FB-A63E-32206C50B644}.Release|x64.ActiveCfg = Release|Any CPU
		{21E4847A-024E-44FB-A63E-32206C50B644}.Release|x64.Build.0 = Release|Any CPU
		{21E4847A-024E-44FB-A63E-32206C50B644}.Release|x86.ActiveCfg = Release|Any CPU
		{21E4847A-024E-44FB-A63E-32206C50B644}.Release|x86.Build.0 = Release|Any CPU
	EndGlobalSection
	GlobalSection(SolutionProperties) = preSolution
		HideSolutionNode = FALSE
	EndGlobalSection
	GlobalSection(NestedProjects) = preSolution
		{3024F0A4-8109-3CD3-0347-46F4E6C63FD7} = {809F86A1-1C4C-B159-0CD4-DF9D33D876CE}
		{4402D5F3-5C8A-43D6-ADE1-788B7019BF85} = {3024F0A4-8109-3CD3-0347-46F4E6C63FD7}
		{D88AA1AD-C151-F13C-EBC5-66002AD230D4} = {809F86A1-1C4C-B159-0CD4-DF9D33D876CE}
		{948A8D8D-D2B9-4782-AA4E-CD6306FBFA48} = {D88AA1AD-C151-F13C-EBC5-66002AD230D4}
		{BC2D172B-13BC-136C-CDB1-4B1A687208C4} = {1787FE1D-075E-9E68-7218-25F1BD1BBEAB}
		{89F45B65-51CA-472F-83F8-EB2BC5B555BB} = {BC2D172B-13BC-136C-CDB1-4B1A687208C4}
		{82AC7ADD-723F-E433-2729-6F05EB21E721} = {1787FE1D-075E-9E68-7218-25F1BD1BBEAB}
		{931C22F6-E04D-43F5-9770-AE6B10927DCB} = {82AC7ADD-723F-E433-2729-6F05EB21E721}
		{63F81D7F-3FBF-B746-3CCC-18C5EC63BE1D} = {1787FE1D-075E-9E68-7218-25F1BD1BBEAB}
		{9FFF3FF2-ABCE-450C-85A7-BC379D852AFD} = {63F81D7F-3FBF-B746-3CCC-18C5EC63BE1D}
		{E890C3CC-B268-8074-7C3A-41EBAD068FA4} = {0AB3BF05-4346-4AA6-1389-037BE0695223}
		{21E4847A-024E-44FB-A63E-32206C50B644} = {E890C3CC-B268-8074-7C3A-41EBAD068FA4}
	EndGlobalSection
EndGlobal
